// !$*UTF8*$!
{
	archiveVersion = 1;
	classes = {
	};
	objectVersion = 77;
	objects = {

/* Begin PBXBuildFile section */
		3E7BD197F7AD83ADDDA0AA8C /* HealthWorkout.swift in Sources */ = {isa = PBXBuildFile; fileRef = 67DCDBD8A0E68EF6A0732D7A /* HealthWorkout.swift */; };
		50D63530C869FDF727A6F63A /* Supa.swift in Sources */ = {isa = PBXBuildFile; fileRef = 97293078C6FDC1FF156351DC /* Supa.swift */; };
		597FAC9954AEAE28096D1A11 /* WorkoutWatchApp.swift in Sources */ = {isa = PBXBuildFile; fileRef = 39DBC0A26013E59AFB35B07B /* WorkoutWatchApp.swift */; };
		69126126D238A11E392EAEBD /* Store.swift in Sources */ = {isa = PBXBuildFile; fileRef = 0A339EDA9CC59C0D9889181D /* Store.swift */; };
		6D04EA07694DAC73D9BC587B /* StepsWidget.swift in Sources */ = {isa = PBXBuildFile; fileRef = 59721A5D1CC97AFE5B5EA2B9 /* StepsWidget.swift */; };
		87F9D0D3A8A6355D8B86568C /* Config.swift in Sources */ = {isa = PBXBuildFile; fileRef = C787D967024E1703E1CA61BE /* Config.swift */; };
		A3240AD2BDC71888E587543C /* Assets.xcassets in Resources */ = {isa = PBXBuildFile; fileRef = EFD8D10FF47452271401E74B /* Assets.xcassets */; };
		BE30FAE7AC01B2B4E9E4BD16 /* StepsWidget.appex in Embed Foundation Extensions */ = {isa = PBXBuildFile; fileRef = 8AB902C15D6DADFC01FAA39C /* StepsWidget.appex */; settings = {ATTRIBUTES = (RemoveHeadersOnCopy, ); }; };
		CED6AA29D751C380D048577D /* Views.swift in Sources */ = {isa = PBXBuildFile; fileRef = DA2105FBBB02C110A6299617 /* Views.swift */; };
		FE28CE690E302BD1145B68D9 /* Models.swift in Sources */ = {isa = PBXBuildFile; fileRef = 0F3B39F80BD3CC2EF871778F /* Models.swift */; };
/* End PBXBuildFile section */

/* Begin PBXContainerItemProxy section */
		CC4357CE6AB689B3D626C717 /* PBXContainerItemProxy */ = {
			isa = PBXContainerItemProxy;
			containerPortal = C35B3ECA8C077A04DF9D2E94 /* Project object */;
			proxyType = 1;
			remoteGlobalIDString = 32380A2BE3F3F5EEFF4A2541;
			remoteInfo = StepsWidget;
		};
/* End PBXContainerItemProxy section */

/* Begin PBXCopyFilesBuildPhase section */
		B2D9E5A57039D36EDD658117 /* Embed Foundation Extensions */ = {
			isa = PBXCopyFilesBuildPhase;
			buildActionMask = 2147483647;
			dstPath = "";
			dstSubfolderSpec = 13;
			files = (
				BE30FAE7AC01B2B4E9E4BD16 /* StepsWidget.appex in Embed Foundation Extensions */,
			);
			name = "Embed Foundation Extensions";
			runOnlyForDeploymentPostprocessing = 0;
		};
/* End PBXCopyFilesBuildPhase section */

/* Begin PBXFileReference section */
		0A339EDA9CC59C0D9889181D /* Store.swift */ = {isa = PBXFileReference; lastKnownFileType = sourcecode.swift; path = Store.swift; sourceTree = "<group>"; };
		0F3B39F80BD3CC2EF871778F /* Models.swift */ = {isa = PBXFileReference; lastKnownFileType = sourcecode.swift; path = Models.swift; sourceTree = "<group>"; };
		3432A5BF29E02880190E6027 /* WorkoutWatch.app */ = {isa = PBXFileReference; explicitFileType = wrapper.application; includeInIndex = 0; path = WorkoutWatch.app; sourceTree = BUILT_PRODUCTS_DIR; };
		39DBC0A26013E59AFB35B07B /* WorkoutWatchApp.swift */ = {isa = PBXFileReference; lastKnownFileType = sourcecode.swift; path = WorkoutWatchApp.swift; sourceTree = "<group>"; };
		48CF2099D4558355921A8C9D /* Info.plist */ = {isa = PBXFileReference; lastKnownFileType = text.plist; path = Info.plist; sourceTree = "<group>"; };
		59721A5D1CC97AFE5B5EA2B9 /* StepsWidget.swift */ = {isa = PBXFileReference; lastKnownFileType = sourcecode.swift; path = StepsWidget.swift; sourceTree = "<group>"; };
		67DCDBD8A0E68EF6A0732D7A /* HealthWorkout.swift */ = {isa = PBXFileReference; lastKnownFileType = sourcecode.swift; path = HealthWorkout.swift; sourceTree = "<group>"; };
		72A461AE6B5BA9BF62AE6C64 /* StepsWidget.entitlements */ = {isa = PBXFileReference; lastKnownFileType = text.plist.entitlements; path = StepsWidget.entitlements; sourceTree = "<group>"; };
		8AB902C15D6DADFC01FAA39C /* StepsWidget.appex */ = {isa = PBXFileReference; explicitFileType = "wrapper.app-extension"; includeInIndex = 0; path = StepsWidget.appex; sourceTree = BUILT_PRODUCTS_DIR; };
		97293078C6FDC1FF156351DC /* Supa.swift */ = {isa = PBXFileReference; lastKnownFileType = sourcecode.swift; path = Supa.swift; sourceTree = "<group>"; };
		B049D71FDAFC4906E8E81928 /* WorkoutWatch.entitlements */ = {isa = PBXFileReference; lastKnownFileType = text.plist.entitlements; path = WorkoutWatch.entitlements; sourceTree = "<group>"; };
		B9FAF62D3827685C96D3BAAE /* Info.plist */ = {isa = PBXFileReference; lastKnownFileType = text.plist; path = Info.plist; sourceTree = "<group>"; };
		C787D967024E1703E1CA61BE /* Config.swift */ = {isa = PBXFileReference; lastKnownFileType = sourcecode.swift; path = Config.swift; sourceTree = "<group>"; };
		DA2105FBBB02C110A6299617 /* Views.swift */ = {isa = PBXFileReference; lastKnownFileType = sourcecode.swift; path = Views.swift; sourceTree = "<group>"; };
		EFD8D10FF47452271401E74B /* Assets.xcassets */ = {isa = PBXFileReference; lastKnownFileType = folder.assetcatalog; path = Assets.xcassets; sourceTree = "<group>"; };
/* End PBXFileReference section */

/* Begin PBXGroup section */
		35BF50F9D18C3B9F44345CC4 /* Products */ = {
			isa = PBXGroup;
			children = (
				8AB902C15D6DADFC01FAA39C /* StepsWidget.appex */,
				3432A5BF29E02880190E6027 /* WorkoutWatch.app */,
			);
			name = Products;
			sourceTree = "<group>";
		};
		810E67AD20F6A2F997A769DF /* WorkoutWatch */ = {
			isa = PBXGroup;
			children = (
				EFD8D10FF47452271401E74B /* Assets.xcassets */,
				C787D967024E1703E1CA61BE /* Config.swift */,
				67DCDBD8A0E68EF6A0732D7A /* HealthWorkout.swift */,
				B9FAF62D3827685C96D3BAAE /* Info.plist */,
				0F3B39F80BD3CC2EF871778F /* Models.swift */,
				0A339EDA9CC59C0D9889181D /* Store.swift */,
				97293078C6FDC1FF156351DC /* Supa.swift */,
				DA2105FBBB02C110A6299617 /* Views.swift */,
				B049D71FDAFC4906E8E81928 /* WorkoutWatch.entitlements */,
				39DBC0A26013E59AFB35B07B /* WorkoutWatchApp.swift */,
			);
			path = WorkoutWatch;
			sourceTree = "<group>";
		};
		A66E70FE138FEF6D908FE56D = {
			isa = PBXGroup;
			children = (
				CD939BC3F9C641CCAF425169 /* StepsWidget */,
				810E67AD20F6A2F997A769DF /* WorkoutWatch */,
				35BF50F9D18C3B9F44345CC4 /* Products */,
			);
			sourceTree = "<group>";
		};
		CD939BC3F9C641CCAF425169 /* StepsWidget */ = {
			isa = PBXGroup;
			children = (
				48CF2099D4558355921A8C9D /* Info.plist */,
				72A461AE6B5BA9BF62AE6C64 /* StepsWidget.entitlements */,
				59721A5D1CC97AFE5B5EA2B9 /* StepsWidget.swift */,
			);
			path = StepsWidget;
			sourceTree = "<group>";
		};
/* End PBXGroup section */

/* Begin PBXNativeTarget section */
		32380A2BE3F3F5EEFF4A2541 /* StepsWidget */ = {
			isa = PBXNativeTarget;
			buildConfigurationList = 0F29CFCD49064824FC752FB2 /* Build configuration list for PBXNativeTarget "StepsWidget" */;
			buildPhases = (
				7FA1F468D9A9DCE7A8F1C727 /* Sources */,
			);
			buildRules = (
			);
			dependencies = (
			);
			name = StepsWidget;
			packageProductDependencies = (
			);
			productName = StepsWidget;
			productReference = 8AB902C15D6DADFC01FAA39C /* StepsWidget.appex */;
			productType = "com.apple.product-type.app-extension";
		};
		3C6B48CCB180C8B89AF15198 /* WorkoutWatch */ = {
			isa = PBXNativeTarget;
			buildConfigurationList = 986716013DE3D98D48F00FDC /* Build configuration list for PBXNativeTarget "WorkoutWatch" */;
			buildPhases = (
				4E14E08A84E29D1EEA761356 /* Sources */,
				2D63EB532AF7045D767292F5 /* Resources */,
				B2D9E5A57039D36EDD658117 /* Embed Foundation Extensions */,
			);
			buildRules = (
			);
			dependencies = (
				BC3068E54D3474EE549F505C /* PBXTargetDependency */,
			);
			name = WorkoutWatch;
			packageProductDependencies = (
			);
			productName = WorkoutWatch;
			productReference = 3432A5BF29E02880190E6027 /* WorkoutWatch.app */;
			productType = "com.apple.product-type.application";
		};
/* End PBXNativeTarget section */

/* Begin PBXProject section */
		C35B3ECA8C077A04DF9D2E94 /* Project object */ = {
			isa = PBXProject;
			attributes = {
				BuildIndependentTargetsInParallel = YES;
				LastUpgradeCheck = 1430;
				TargetAttributes = {
					32380A2BE3F3F5EEFF4A2541 = {
						DevelopmentTeam = Y2PBXKV39D;
						ProvisioningStyle = Automatic;
					};
					3C6B48CCB180C8B89AF15198 = {
						DevelopmentTeam = Y2PBXKV39D;
						ProvisioningStyle = Automatic;
					};
				};
			};
			buildConfigurationList = 6920E5D17FF3FBC3B53E03F6 /* Build configuration list for PBXProject "WorkoutWatch" */;
			developmentRegion = en;
			hasScannedForEncodings = 0;
			knownRegions = (
				Base,
				en,
			);
			mainGroup = A66E70FE138FEF6D908FE56D;
			minimizedProjectReferenceProxies = 1;
			preferredProjectObjectVersion = 77;
			productRefGroup = 35BF50F9D18C3B9F44345CC4 /* Products */;
			projectDirPath = "";
			projectRoot = "";
			targets = (
				3C6B48CCB180C8B89AF15198 /* WorkoutWatch */,
				32380A2BE3F3F5EEFF4A2541 /* StepsWidget */,
			);
		};
/* End PBXProject section */

/* Begin PBXResourcesBuildPhase section */
		2D63EB532AF7045D767292F5 /* Resources */ = {
			isa = PBXResourcesBuildPhase;
			buildActionMask = 2147483647;
			files = (
				A3240AD2BDC71888E587543C /* Assets.xcassets in Resources */,
			);
			runOnlyForDeploymentPostprocessing = 0;
		};
/* End PBXResourcesBuildPhase section */

/* Begin PBXSourcesBuildPhase section */
		4E14E08A84E29D1EEA761356 /* Sources */ = {
			isa = PBXSourcesBuildPhase;
			buildActionMask = 2147483647;
			files = (
				87F9D0D3A8A6355D8B86568C /* Config.swift in Sources */,
				3E7BD197F7AD83ADDDA0AA8C /* HealthWorkout.swift in Sources */,
				FE28CE690E302BD1145B68D9 /* Models.swift in Sources */,
				69126126D238A11E392EAEBD /* Store.swift in Sources */,
				50D63530C869FDF727A6F63A /* Supa.swift in Sources */,
				CED6AA29D751C380D048577D /* Views.swift in Sources */,
				597FAC9954AEAE28096D1A11 /* WorkoutWatchApp.swift in Sources */,
			);
			runOnlyForDeploymentPostprocessing = 0;
		};
		7FA1F468D9A9DCE7A8F1C727 /* Sources */ = {
			isa = PBXSourcesBuildPhase;
			buildActionMask = 2147483647;
			files = (
				6D04EA07694DAC73D9BC587B /* StepsWidget.swift in Sources */,
			);
			runOnlyForDeploymentPostprocessing = 0;
		};
/* End PBXSourcesBuildPhase section */

/* Begin PBXTargetDependency section */
		BC3068E54D3474EE549F505C /* PBXTargetDependency */ = {
			isa = PBXTargetDependency;
			target = 32380A2BE3F3F5EEFF4A2541 /* StepsWidget */;
			targetProxy = CC4357CE6AB689B3D626C717 /* PBXContainerItemProxy */;
		};
/* End PBXTargetDependency section */

/* Begin XCBuildConfiguration section */
		04CE71214398ED4D3459C115 /* Release */ = {
			isa = XCBuildConfiguration;
			buildSettings = {
				ASSETCATALOG_COMPILER_APPICON_NAME = AppIcon;
				CODE_SIGN_ENTITLEMENTS = WorkoutWatch/WorkoutWatch.entitlements;
				GENERATE_INFOPLIST_FILE = YES;
				INFOPLIST_FILE = WorkoutWatch/Info.plist;
				INFOPLIST_KEY_CFBundleDisplayName = "健身課表";
				INFOPLIST_KEY_NSHealthShareUsageDescription = "讀取心率、消耗熱量與步數，顯示在體能訓練紀錄和錶面小工具上。";
				INFOPLIST_KEY_NSHealthUpdateUsageDescription = "把每次重訓存成 Apple「體能訓練」，並讓 App 在螢幕變暗時也能震動提醒休息結束。";
				INFOPLIST_KEY_WKApplication = YES;
				INFOPLIST_KEY_WKWatchOnly = YES;
				PRODUCT_BUNDLE_IDENTIFIER = com.jsdryan.gymplan.watch;
				PRODUCT_NAME = WorkoutWatch;
				SDKROOT = watchos;
				SKIP_INSTALL = YES;
				TARGETED_DEVICE_FAMILY = 4;
			};
			name = Release;
		};
		0DF568D0B63F1192A21F65DB /* Debug */ = {
			isa = XCBuildConfiguration;
			buildSettings = {
				CODE_SIGN_ENTITLEMENTS = StepsWidget/StepsWidget.entitlements;
				GENERATE_INFOPLIST_FILE = YES;
				INFOPLIST_FILE = StepsWidget/Info.plist;
				INFOPLIST_KEY_CFBundleDisplayName = "今天步數";
				INFOPLIST_KEY_NSHealthShareUsageDescription = "讀取今天的步數，顯示在錶面小工具上。";
				LD_RUNPATH_SEARCH_PATHS = (
					"$(inherited)",
					"@executable_path/Frameworks",
					"@executable_path/../../Frameworks",
				);
				PRODUCT_BUNDLE_IDENTIFIER = com.jsdryan.gymplan.watch.steps;
				PRODUCT_NAME = StepsWidget;
				SDKROOT = watchos;
				SKIP_INSTALL = YES;
				TARGETED_DEVICE_FAMILY = 4;
			};
			name = Debug;
		};
		3BC5BE6C52CC6C0C84FA4910 /* Debug */ = {
			isa = XCBuildConfiguration;
			buildSettings = {
				ALWAYS_SEARCH_USER_PATHS = NO;
				CLANG_ANALYZER_NONNULL = YES;
				CLANG_ANALYZER_NUMBER_OBJECT_CONVERSION = YES_AGGRESSIVE;
				CLANG_CXX_LANGUAGE_STANDARD = "gnu++14";
				CLANG_CXX_LIBRARY = "libc++";
				CLANG_ENABLE_MODULES = YES;
				CLANG_ENABLE_OBJC_ARC = YES;
				CLANG_ENABLE_OBJC_WEAK = YES;
				CLANG_WARN_BLOCK_CAPTURE_AUTORELEASING = YES;
				CLANG_WARN_BOOL_CONVERSION = YES;
				CLANG_WARN_COMMA = YES;
				CLANG_WARN_CONSTANT_CONVERSION = YES;
				CLANG_WARN_DEPRECATED_OBJC_IMPLEMENTATIONS = YES;
				CLANG_WARN_DIRECT_OBJC_ISA_USAGE = YES_ERROR;
				CLANG_WARN_DOCUMENTATION_COMMENTS = YES;
				CLANG_WARN_EMPTY_BODY = YES;
				CLANG_WARN_ENUM_CONVERSION = YES;
				CLANG_WARN_INFINITE_RECURSION = YES;
				CLANG_WARN_INT_CONVERSION = YES;
				CLANG_WARN_NON_LITERAL_NULL_CONVERSION = YES;
				CLANG_WARN_OBJC_IMPLICIT_RETAIN_SELF = YES;
				CLANG_WARN_OBJC_LITERAL_CONVERSION = YES;
				CLANG_WARN_OBJC_ROOT_CLASS = YES_ERROR;
				CLANG_WARN_QUOTED_INCLUDE_IN_FRAMEWORK_HEADER = YES;
				CLANG_WARN_RANGE_LOOP_ANALYSIS = YES;
				CLANG_WARN_STRICT_PROTOTYPES = YES;
				CLANG_WARN_SUSPICIOUS_MOVE = YES;
				CLANG_WARN_UNGUARDED_AVAILABILITY = YES_AGGRESSIVE;
				CLANG_WARN_UNREACHABLE_CODE = YES;
				CLANG_WARN__DUPLICATE_METHOD_MATCH = YES;
				CODE_SIGN_STYLE = Automatic;
				COPY_PHASE_STRIP = NO;
				CURRENT_PROJECT_VERSION = 1;
				DEBUG_INFORMATION_FORMAT = dwarf;
				DEVELOPMENT_TEAM = Y2PBXKV39D;
				ENABLE_STRICT_OBJC_MSGSEND = YES;
				ENABLE_TESTABILITY = YES;
				GCC_C_LANGUAGE_STANDARD = gnu11;
				GCC_DYNAMIC_NO_PIC = NO;
				GCC_NO_COMMON_BLOCKS = YES;
				GCC_OPTIMIZATION_LEVEL = 0;
				GCC_PREPROCESSOR_DEFINITIONS = (
					"$(inherited)",
					"DEBUG=1",
				);
				GCC_WARN_64_TO_32_BIT_CONVERSION = YES;
				GCC_WARN_ABOUT_RETURN_TYPE = YES_ERROR;
				GCC_WARN_UNDECLARED_SELECTOR = YES;
				GCC_WARN_UNINITIALIZED_AUTOS = YES_AGGRESSIVE;
				GCC_WARN_UNUSED_FUNCTION = YES;
				GCC_WARN_UNUSED_VARIABLE = YES;
				MARKETING_VERSION = 0.1;
				MTL_ENABLE_DEBUG_INFO = INCLUDE_SOURCE;
				MTL_FAST_MATH = YES;
				ONLY_ACTIVE_ARCH = YES;
				PRODUCT_NAME = "$(TARGET_NAME)";
				SDKROOT = watchos;
				SWIFT_ACTIVE_COMPILATION_CONDITIONS = DEBUG;
				SWIFT_OPTIMIZATION_LEVEL = "-Onone";
				SWIFT_VERSION = 5.0;
				WATCHOS_DEPLOYMENT_TARGET = 11.0;
			};
			name = Debug;
		};
		3CD15BBE6DC85162AB9E3AAD /* Debug */ = {
			isa = XCBuildConfiguration;
			buildSettings = {
				ASSETCATALOG_COMPILER_APPICON_NAME = AppIcon;
				CODE_SIGN_ENTITLEMENTS = WorkoutWatch/WorkoutWatch.entitlements;
				GENERATE_INFOPLIST_FILE = YES;
				INFOPLIST_FILE = WorkoutWatch/Info.plist;
				INFOPLIST_KEY_CFBundleDisplayName = "健身課表";
				INFOPLIST_KEY_NSHealthShareUsageDescription = "讀取心率、消耗熱量與步數，顯示在體能訓練紀錄和錶面小工具上。";
				INFOPLIST_KEY_NSHealthUpdateUsageDescription = "把每次重訓存成 Apple「體能訓練」，並讓 App 在螢幕變暗時也能震動提醒休息結束。";
				INFOPLIST_KEY_WKApplication = YES;
				INFOPLIST_KEY_WKWatchOnly = YES;
				PRODUCT_BUNDLE_IDENTIFIER = com.jsdryan.gymplan.watch;
				PRODUCT_NAME = WorkoutWatch;
				SDKROOT = watchos;
				SKIP_INSTALL = YES;
				TARGETED_DEVICE_FAMILY = 4;
			};
			name = Debug;
		};
		5B07A0626D91AD7073DEFB1D /* Release */ = {
			isa = XCBuildConfiguration;
			buildSettings = {
				CODE_SIGN_ENTITLEMENTS = StepsWidget/StepsWidget.entitlements;
				GENERATE_INFOPLIST_FILE = YES;
				INFOPLIST_FILE = StepsWidget/Info.plist;
				INFOPLIST_KEY_CFBundleDisplayName = "今天步數";
				INFOPLIST_KEY_NSHealthShareUsageDescription = "讀取今天的步數，顯示在錶面小工具上。";
				LD_RUNPATH_SEARCH_PATHS = (
					"$(inherited)",
					"@executable_path/Frameworks",
					"@executable_path/../../Frameworks",
				);
				PRODUCT_BUNDLE_IDENTIFIER = com.jsdryan.gymplan.watch.steps;
				PRODUCT_NAME = StepsWidget;
				SDKROOT = watchos;
				SKIP_INSTALL = YES;
				TARGETED_DEVICE_FAMILY = 4;
			};
			name = Release;
		};
		8DBA1979D9FBB84A32CE2896 /* Release */ = {
			isa = XCBuildConfiguration;
			buildSettings = {
				ALWAYS_SEARCH_USER_PATHS = NO;
				CLANG_ANALYZER_NONNULL = YES;
				CLANG_ANALYZER_NUMBER_OBJECT_CONVERSION = YES_AGGRESSIVE;
				CLANG_CXX_LANGUAGE_STANDARD = "gnu++14";
				CLANG_CXX_LIBRARY = "libc++";
				CLANG_ENABLE_MODULES = YES;
				CLANG_ENABLE_OBJC_ARC = YES;
				CLANG_ENABLE_OBJC_WEAK = YES;
				CLANG_WARN_BLOCK_CAPTURE_AUTORELEASING = YES;
				CLANG_WARN_BOOL_CONVERSION = YES;
				CLANG_WARN_COMMA = YES;
				CLANG_WARN_CONSTANT_CONVERSION = YES;
				CLANG_WARN_DEPRECATED_OBJC_IMPLEMENTATIONS = YES;
				CLANG_WARN_DIRECT_OBJC_ISA_USAGE = YES_ERROR;
				CLANG_WARN_DOCUMENTATION_COMMENTS = YES;
				CLANG_WARN_EMPTY_BODY = YES;
				CLANG_WARN_ENUM_CONVERSION = YES;
				CLANG_WARN_INFINITE_RECURSION = YES;
				CLANG_WARN_INT_CONVERSION = YES;
				CLANG_WARN_NON_LITERAL_NULL_CONVERSION = YES;
				CLANG_WARN_OBJC_IMPLICIT_RETAIN_SELF = YES;
				CLANG_WARN_OBJC_LITERAL_CONVERSION = YES;
				CLANG_WARN_OBJC_ROOT_CLASS = YES_ERROR;
				CLANG_WARN_QUOTED_INCLUDE_IN_FRAMEWORK_HEADER = YES;
				CLANG_WARN_RANGE_LOOP_ANALYSIS = YES;
				CLANG_WARN_STRICT_PROTOTYPES = YES;
				CLANG_WARN_SUSPICIOUS_MOVE = YES;
				CLANG_WARN_UNGUARDED_AVAILABILITY = YES_AGGRESSIVE;
				CLANG_WARN_UNREACHABLE_CODE = YES;
				CLANG_WARN__DUPLICATE_METHOD_MATCH = YES;
				CODE_SIGN_STYLE = Automatic;
				COPY_PHASE_STRIP = NO;
				CURRENT_PROJECT_VERSION = 1;
				DEBUG_INFORMATION_FORMAT = "dwarf-with-dsym";
				DEVELOPMENT_TEAM = Y2PBXKV39D;
				ENABLE_NS_ASSERTIONS = NO;
				ENABLE_STRICT_OBJC_MSGSEND = YES;
				GCC_C_LANGUAGE_STANDARD = gnu11;
				GCC_NO_COMMON_BLOCKS = YES;
				GCC_WARN_64_TO_32_BIT_CONVERSION = YES;
				GCC_WARN_ABOUT_RETURN_TYPE = YES_ERROR;
				GCC_WARN_UNDECLARED_SELECTOR = YES;
				GCC_WARN_UNINITIALIZED_AUTOS = YES_AGGRESSIVE;
				GCC_WARN_UNUSED_FUNCTION = YES;
				GCC_WARN_UNUSED_VARIABLE = YES;
				MARKETING_VERSION = 0.1;
				MTL_ENABLE_DEBUG_INFO = NO;
				MTL_FAST_MATH = YES;
				PRODUCT_NAME = "$(TARGET_NAME)";
				SDKROOT = watchos;
				SWIFT_COMPILATION_MODE = wholemodule;
				SWIFT_OPTIMIZATION_LEVEL = "-O";
				SWIFT_VERSION = 5.0;
				WATCHOS_DEPLOYMENT_TARGET = 11.0;
			};
			name = Release;
		};
/* End XCBuildConfiguration section */

/* Begin XCConfigurationList section */
		0F29CFCD49064824FC752FB2 /* Build configuration list for PBXNativeTarget "StepsWidget" */ = {
			isa = XCConfigurationList;
			buildConfigurations = (
				0DF568D0B63F1192A21F65DB /* Debug */,
				5B07A0626D91AD7073DEFB1D /* Release */,
			);
			defaultConfigurationIsVisible = 0;
			defaultConfigurationName = Debug;
		};
		6920E5D17FF3FBC3B53E03F6 /* Build configuration list for PBXProject "WorkoutWatch" */ = {
			isa = XCConfigurationList;
			buildConfigurations = (
				3BC5BE6C52CC6C0C84FA4910 /* Debug */,
				8DBA1979D9FBB84A32CE2896 /* Release */,
			);
			defaultConfigurationIsVisible = 0;
			defaultConfigurationName = Debug;
		};
		986716013DE3D98D48F00FDC /* Build configuration list for PBXNativeTarget "WorkoutWatch" */ = {
			isa = XCConfigurationList;
			buildConfigurations = (
				3CD15BBE6DC85162AB9E3AAD /* Debug */,
				04CE71214398ED4D3459C115 /* Release */,
			);
			defaultConfigurationIsVisible = 0;
			defaultConfigurationName = Debug;
		};
/* End XCConfigurationList section */
	};
	rootObject = C35B3ECA8C077A04DF9D2E94 /* Project object */;
}
